
Microsoft Visual Studio Solution File, Format Version 12.00
# Visual Studio Version 17
VisualStudioVersion = 17.9.34728.123
MinimumVisualStudioVersion = 10.0.40219.1
Project("{FAE04EC0-301F-11D3-BF4B-00C04F79EFBC}") = "TigaCineplex", "TigaCineplex\TigaCineplex.csproj", "{50C3FC9F-8787-4153-9C7A-4EB8AB9000B9}"
EndProject
Global
	GlobalSection(SolutionConfigurationPlatforms) = preSolution
		Debug|Any CPU = Debug|Any CPU
		Release|Any CPU = Release|Any CPU
	EndGlobalSection
	GlobalSection(ProjectConfigurationPlatforms) = postSolution
		{50C3FC9F-8787-4153-9C7A-4EB8AB9000B9}.Debug|Any CPU.ActiveCfg = Debug|Any CPU
		{50C3FC9F-8787-4153-9C7A-4EB8AB9000B9}.Debug|Any CPU.Build.0 = Debug|Any CPU
		{50C3FC9F-8787-4153-9C7A-4EB8AB9000B9}.Release|Any CPU.ActiveCfg = Release|Any CPU
		{50C3FC9F-8787-4153-9C7A-4EB8AB9000B9}.Release|Any CPU.Build.0 = Release|Any CPU
	EndGlobalSection
	GlobalSection(SolutionProperties) = preSolution
		HideSolutionNode = FALSE
	EndGlobalSection
	GlobalSection(ExtensibilityGlobals) = postSolution
		SolutionGuid = {58369776-964F-44CC-B4C8-593C920BAE3B}
	EndGlobalSection
EndGlobal
